{
  "version": 4,
  "terraform_version": "0.12.26",
  "serial": 8,
  "lineage": "5f09c265-6c88-a472-9ac6-0478757a7eb5",
  "outputs": {
    "master_ip": {
      "value": "aws_instance.master.public_ip",
      "type": "string"
    }
  },
  "resources": [
    {
      "mode": "managed",
      "type": "aws_instance",
      "name": "master",
      "provider": "provider.aws",
      "instances": [
        {
          "status": "tainted",
          "schema_version": 1,
          "attributes": {
            "ami": "ami-06bc4b335fb17ee3f",
            "arn": "arn:aws:ec2:us-east-1:569484333419:instance/i-0afcd1aaabcbc9959",
            "associate_public_ip_address": true,
            "availability_zone": "us-east-1d",
            "cpu_core_count": 1,
            "cpu_threads_per_core": 1,
            "credit_specification": [],
            "disable_api_termination": false,
            "ebs_block_device": [],
            "ebs_optimized": false,
            "ephemeral_block_device": [],
            "get_password_data": false,
            "hibernation": false,
            "host_id": null,
            "iam_instance_profile": "",
            "id": "i-0afcd1aaabcbc9959",
            "instance_initiated_shutdown_behavior": null,
            "instance_state": "running",
            "instance_type": "a1.medium",
            "ipv6_address_count": 0,
            "ipv6_addresses": [],
            "key_name": "voip.terraform",
            "metadata_options": [
              {
                "http_endpoint": "enabled",
                "http_put_response_hop_limit": 1,
                "http_tokens": "optional"
              }
            ],
            "monitoring": false,
            "network_interface": [],
            "network_interface_id": null,
            "outpost_arn": "",
            "password_data": "",
            "placement_group": "",
            "primary_network_interface_id": "eni-0cee750b9bc9576f2",
            "private_dns": "ip-172-31-16-158.ec2.internal",
            "private_ip": "172.31.16.158",
            "public_dns": "ec2-3-89-183-184.compute-1.amazonaws.com",
            "public_ip": "3.89.183.184",
            "root_block_device": [
              {
                "delete_on_termination": true,
                "device_name": "/dev/sda1",
                "encrypted": false,
                "iops": 100,
                "kms_key_id": "",
                "volume_id": "vol-082c8053d420b0099",
                "volume_size": 8,
                "volume_type": "gp2"
              }
            ],
            "security_groups": [
              "swarm-group"
            ],
            "source_dest_check": true,
            "subnet_id": "subnet-0780594a",
            "tags": {
              "Name": "swarm-master"
            },
            "tenancy": "default",
            "timeouts": null,
            "user_data": null,
            "user_data_base64": null,
            "volume_tags": {},
            "vpc_security_group_ids": [
              "sg-0e8baf158ef5a6201"
            ]
          },
          "private": "eyJlMmJmYjczMC1lY2FhLTExZTYtOGY4OC0zNDM2M2JjN2M0YzAiOnsiY3JlYXRlIjo2MDAwMDAwMDAwMDAsImRlbGV0ZSI6MTIwMDAwMDAwMDAwMCwidXBkYXRlIjo2MDAwMDAwMDAwMDB9LCJzY2hlbWFfdmVyc2lvbiI6IjEifQ==",
          "dependencies": [
            "aws_key_pair.deployer",
            "aws_security_group.swarm"
          ]
        }
      ]
    },
    {
      "mode": "managed",
      "type": "aws_instance",
      "name": "slave",
      "each": "list",
      "provider": "provider.aws",
      "instances": []
    },
    {
      "mode": "managed",
      "type": "aws_key_pair",
      "name": "deployer",
      "provider": "provider.aws",
      "instances": [
        {
          "schema_version": 1,
          "attributes": {
            "fingerprint": "ea:27:9a:a7:16:6c:62:9f:c6:73:a0:e8:1d:9e:b4:e8",
            "id": "voip.terraform",
            "key_name": "voip.terraform",
            "key_name_prefix": null,
            "key_pair_id": "key-0daffe1996b99f1f5",
            "public_key": "ssh-rsa AAAAB3NzaC1yc2EAAAADAQABAAABAQC7ifg9sqBhEERktf884oZ6YlfnvUS2KoJDwBtgvYvBEFJ9pStDZz6Kqxnf3OOqabHZlFZNK/lLWC0UP8/EnPEy/N6BttsJQaWQ/HzdC7fkvrdqnQCHKjRMephp6d99qiT435WwR18jo5YzK+oK4XEJsGmorJ3xnimg+tQ1KeVc1fH2zdmc3neFC+07faxg6U3g8l6/zePti2EIao6Ddg/aO+Adt0ueWjwmxjGUvmzSQ0qZrB1hG4UdtnU1PaSlBSxnptBO3z/mxzejXwc/tWDxPoTEwddfR3WYBzCUWfZ+RXXAPkKqYDQ2hl+yUoG0Xfv5waCTF9Chems/4bqQl0TF ethan.brooks@gmail.com",
            "tags": {}
          },
          "private": "eyJzY2hlbWFfdmVyc2lvbiI6IjEifQ=="
        }
      ]
    },
    {
      "mode": "managed",
      "type": "aws_security_group",
      "name": "swarm",
      "provider": "provider.aws",
      "instances": [
        {
          "schema_version": 1,
          "attributes": {
            "arn": "arn:aws:ec2:us-east-1:569484333419:security-group/sg-0e8baf158ef5a6201",
            "description": "Default security group that allows inbound and outbound traffic from all instances in the VPC",
            "egress": [
              {
                "cidr_blocks": [
                  "0.0.0.0/0"
                ],
                "description": "",
                "from_port": 0,
                "ipv6_cidr_blocks": [],
                "prefix_list_ids": [],
                "protocol": "-1",
                "security_groups": [],
                "self": true,
                "to_port": 0
              },
              {
                "cidr_blocks": [
                  "0.0.0.0/0"
                ],
                "description": "",
                "from_port": 22,
                "ipv6_cidr_blocks": [],
                "prefix_list_ids": [],
                "protocol": "tcp",
                "security_groups": [],
                "self": false,
                "to_port": 22
              }
            ],
            "id": "sg-0e8baf158ef5a6201",
            "ingress": [
              {
                "cidr_blocks": [
                  "0.0.0.0/0"
                ],
                "description": "",
                "from_port": 0,
                "ipv6_cidr_blocks": [],
                "prefix_list_ids": [],
                "protocol": "-1",
                "security_groups": [],
                "self": true,
                "to_port": 0
              },
              {
                "cidr_blocks": [
                  "0.0.0.0/0"
                ],
                "description": "",
                "from_port": 22,
                "ipv6_cidr_blocks": [],
                "prefix_list_ids": [],
                "protocol": "tcp",
                "security_groups": [],
                "self": false,
                "to_port": 22
              }
            ],
            "name": "swarm-group",
            "name_prefix": null,
            "owner_id": "569484333419",
            "revoke_rules_on_delete": false,
            "tags": {},
            "timeouts": null,
            "vpc_id": "vpc-2c87dd56"
          },
          "private": "eyJlMmJmYjczMC1lY2FhLTExZTYtOGY4OC0zNDM2M2JjN2M0YzAiOnsiY3JlYXRlIjo2MDAwMDAwMDAwMDAsImRlbGV0ZSI6NjAwMDAwMDAwMDAwfSwic2NoZW1hX3ZlcnNpb24iOiIxIn0="
        }
      ]
    }
  ]
}
